
Microsoft Visual Studio Solution File, Format Version 12.00
# Visual Studio 15
VisualStudioVersion = 15.0.27703.2035
MinimumVisualStudioVersion = 10.0.40219.1
Project("{2150E333-8FDC-42A3-9474-1A3956D46DE8}") = "src", "src", "{92571745-0280-4863-9361-8EC73F24C488}"
EndProject
Project("{2150E333-8FDC-42A3-9474-1A3956D46DE8}") = "tests", "tests", "{D7DB9D35-FE8D-4F2A-9B37-DC046A6DA6F0}"
EndProject
Project("{2150E333-8FDC-42A3-9474-1A3956D46DE8}") = "1 - Presentation", "1 - Presentation", "{FAAB8AB3-1A53-44F3-BFF7-47864F9C72A0}"
EndProject
Project("{2150E333-8FDC-42A3-9474-1A3956D46DE8}") = "2 - Application Service", "2 - Application Service", "{19E179AD-AF9C-4857-AAAD-8FF2B67C957B}"
EndProject
Project("{2150E333-8FDC-42A3-9474-1A3956D46DE8}") = "3 - Service", "3 - Service", "{0FD221BA-9F8A-41A0-9C48-EEB50EBD9982}"
EndProject
Project("{2150E333-8FDC-42A3-9474-1A3956D46DE8}") = "4 - Domain", "4 - Domain", "{D4C1F11C-B4D0-4412-A889-1565F6F7B293}"
EndProject
Project("{2150E333-8FDC-42A3-9474-1A3956D46DE8}") = "5 - Infrastructure", "5 - Infrastructure", "{645799A5-0543-4347-ACEF-24872390D75F}"
EndProject
Project("{FAE04EC0-301F-11D3-BF4B-00C04F79EFBC}") = "Candidate.Domain", "src\Candidate.Domain\Candidate.Domain.csproj", "{64DD2553-8BDA-4B0E-8CB0-F6EFFEB0B887}"
EndProject
Project("{FAE04EC0-301F-11D3-BF4B-00C04F79EFBC}") = "Candidate.Service", "src\Candidate.Service\Candidate.Service.csproj", "{1F4656B3-CE06-4423-AE36-671124EA023E}"
EndProject
Project("{FAE04EC0-301F-11D3-BF4B-00C04F79EFBC}") = "Candidate.ApplicationService", "src\Candidate.ApplicationService\Candidate.ApplicationService.csproj", "{6E16EF58-4024-4119-A3D6-E44D09C03D91}"
EndProject
Project("{2150E333-8FDC-42A3-9474-1A3956D46DE8}") = "5.1 - Data", "5.1 - Data", "{1AA17778-029B-4B88-A1F9-537432A201E3}"
EndProject
Project("{2150E333-8FDC-42A3-9474-1A3956D46DE8}") = "5.2 - CrossCutting", "5.2 - CrossCutting", "{0E401EC1-BD7C-45D3-9B57-F336CC57BA83}"
EndProject
Project("{FAE04EC0-301F-11D3-BF4B-00C04F79EFBC}") = "Candidate.Infrastructure.Data", "src\Candidate.Infrastructure.Data\Candidate.Infrastructure.Data.csproj", "{EF731C2B-CB67-4420-AB4F-D928BA162D09}"
EndProject
Project("{FAE04EC0-301F-11D3-BF4B-00C04F79EFBC}") = "Candidate.Infrastructure.CrossCutting.IoC", "src\Candidate.Infrastructure.CrossCutting.IoC\Candidate.Infrastructure.CrossCutting.IoC.csproj", "{55EE7742-7C19-450D-9E40-AC07F57086B6}"
EndProject
Project("{FAE04EC0-301F-11D3-BF4B-00C04F79EFBC}") = "Candidate.Api", "src\Candidate.Api\Candidate.Api.csproj", "{C846F6D7-2368-427E-AEA6-0B7AE0AB82CC}"
EndProject
Global
	GlobalSection(SolutionConfigurationPlatforms) = preSolution
		Debug|Any CPU = Debug|Any CPU
		Release|Any CPU = Release|Any CPU
	EndGlobalSection
	GlobalSection(ProjectConfigurationPlatforms) = postSolution
		{64DD2553-8BDA-4B0E-8CB0-F6EFFEB0B887}.Debug|Any CPU.ActiveCfg = Debug|Any CPU
		{64DD2553-8BDA-4B0E-8CB0-F6EFFEB0B887}.Debug|Any CPU.Build.0 = Debug|Any CPU
		{64DD2553-8BDA-4B0E-8CB0-F6EFFEB0B887}.Release|Any CPU.ActiveCfg = Release|Any CPU
		{64DD2553-8BDA-4B0E-8CB0-F6EFFEB0B887}.Release|Any CPU.Build.0 = Release|Any CPU
		{1F4656B3-CE06-4423-AE36-671124EA023E}.Debug|Any CPU.ActiveCfg = Debug|Any CPU
		{1F4656B3-CE06-4423-AE36-671124EA023E}.Debug|Any CPU.Build.0 = Debug|Any CPU
		{1F4656B3-CE06-4423-AE36-671124EA023E}.Release|Any CPU.ActiveCfg = Release|Any CPU
		{1F4656B3-CE06-4423-AE36-671124EA023E}.Release|Any CPU.Build.0 = Release|Any CPU
		{6E16EF58-4024-4119-A3D6-E44D09C03D91}.Debug|Any CPU.ActiveCfg = Debug|Any CPU
		{6E16EF58-4024-4119-A3D6-E44D09C03D91}.Debug|Any CPU.Build.0 = Debug|Any CPU
		{6E16EF58-4024-4119-A3D6-E44D09C03D91}.Release|Any CPU.ActiveCfg = Release|Any CPU
		{6E16EF58-4024-4119-A3D6-E44D09C03D91}.Release|Any CPU.Build.0 = Release|Any CPU
		{EF731C2B-CB67-4420-AB4F-D928BA162D09}.Debug|Any CPU.ActiveCfg = Debug|Any CPU
		{EF731C2B-CB67-4420-AB4F-D928BA162D09}.Debug|Any CPU.Build.0 = Debug|Any CPU
		{EF731C2B-CB67-4420-AB4F-D928BA162D09}.Release|Any CPU.ActiveCfg = Release|Any CPU
		{EF731C2B-CB67-4420-AB4F-D928BA162D09}.Release|Any CPU.Build.0 = Release|Any CPU
		{55EE7742-7C19-450D-9E40-AC07F57086B6}.Debug|Any CPU.ActiveCfg = Debug|Any CPU
		{55EE7742-7C19-450D-9E40-AC07F57086B6}.Debug|Any CPU.Build.0 = Debug|Any CPU
		{55EE7742-7C19-450D-9E40-AC07F57086B6}.Release|Any CPU.ActiveCfg = Release|Any CPU
		{55EE7742-7C19-450D-9E40-AC07F57086B6}.Release|Any CPU.Build.0 = Release|Any CPU
		{C846F6D7-2368-427E-AEA6-0B7AE0AB82CC}.Debug|Any CPU.ActiveCfg = Debug|Any CPU
		{C846F6D7-2368-427E-AEA6-0B7AE0AB82CC}.Debug|Any CPU.Build.0 = Debug|Any CPU
		{C846F6D7-2368-427E-AEA6-0B7AE0AB82CC}.Release|Any CPU.ActiveCfg = Release|Any CPU
		{C846F6D7-2368-427E-AEA6-0B7AE0AB82CC}.Release|Any CPU.Build.0 = Release|Any CPU
	EndGlobalSection
	GlobalSection(SolutionProperties) = preSolution
		HideSolutionNode = FALSE
	EndGlobalSection
	GlobalSection(NestedProjects) = preSolution
		{FAAB8AB3-1A53-44F3-BFF7-47864F9C72A0} = {92571745-0280-4863-9361-8EC73F24C488}
		{19E179AD-AF9C-4857-AAAD-8FF2B67C957B} = {92571745-0280-4863-9361-8EC73F24C488}
		{0FD221BA-9F8A-41A0-9C48-EEB50EBD9982} = {92571745-0280-4863-9361-8EC73F24C488}
		{D4C1F11C-B4D0-4412-A889-1565F6F7B293} = {92571745-0280-4863-9361-8EC73F24C488}
		{645799A5-0543-4347-ACEF-24872390D75F} = {92571745-0280-4863-9361-8EC73F24C488}
		{64DD2553-8BDA-4B0E-8CB0-F6EFFEB0B887} = {D4C1F11C-B4D0-4412-A889-1565F6F7B293}
		{1F4656B3-CE06-4423-AE36-671124EA023E} = {0FD221BA-9F8A-41A0-9C48-EEB50EBD9982}
		{6E16EF58-4024-4119-A3D6-E44D09C03D91} = {19E179AD-AF9C-4857-AAAD-8FF2B67C957B}
		{1AA17778-029B-4B88-A1F9-537432A201E3} = {645799A5-0543-4347-ACEF-24872390D75F}
		{0E401EC1-BD7C-45D3-9B57-F336CC57BA83} = {645799A5-0543-4347-ACEF-24872390D75F}
		{EF731C2B-CB67-4420-AB4F-D928BA162D09} = {1AA17778-029B-4B88-A1F9-537432A201E3}
		{55EE7742-7C19-450D-9E40-AC07F57086B6} = {0E401EC1-BD7C-45D3-9B57-F336CC57BA83}
		{C846F6D7-2368-427E-AEA6-0B7AE0AB82CC} = {FAAB8AB3-1A53-44F3-BFF7-47864F9C72A0}
	EndGlobalSection
	GlobalSection(ExtensibilityGlobals) = postSolution
		SolutionGuid = {9A925B0B-36E2-437A-A226-1DFFAF232440}
	EndGlobalSection
EndGlobal
